{
    "_meta": {
        "hash": {
            "sha256": "92447292109458705626dd51d4bbf9211a8a8d920850b52239f2da41c4f890c5"
        },
        "requires": {
            "python_version": "3.6"
        },
        "sources": [
            {
                "url": "https://pypi.python.org/simple",
                "verify_ssl": true
            }
        ]
    },
    "default": {
        "click": {
            "version": "==6.7"
        },
        "flask": {
            "version": "==0.12.2"
        },
        "gunicorn": {
            "version": "==19.7.1"
        },
        "itsdangerous": {
            "version": "==0.24"
        },
        "jinja2": {
            "version": "==2.9.6"
        },
        "markupsafe": {
            "version": "==1.0"
        },
        "werkzeug": {
            "version": "==0.12.2"
        }
    },
    "develop": {
        "argh": {
            "version": "==0.26.2"
        },
        "colorama": {
            "version": "==0.3.9"
        },
        "docopt": {
            "version": "==0.6.2"
        },
        "pathtools": {
            "version": "==0.1.2"
        },
        "py": {
            "version": "==1.4.34"
        },
        "pytest": {
            "version": "==3.1.1"
        },
        "pytest-describe": {
            "version": "==0.11.0"
        },
        "pytest-expecter": {
            "version": "==0.2.2.post6"
        },
        "pytest-watch": {
            "version": "==4.1.0"
        },
        "pyyaml": {
            "version": "==3.12"
        },
        "setuptools": {
            "version": "==36.0.1"
        },
        "watchdog": {
            "version": "==0.8.3"
        }
    }
}
